{
  "name": "duolingo-avatar-extractor",
  "lockfileVersion": 3,
  "requires": true,
  "packages": {
    "": {
      "name": "duolingo-avatar-extractor",
      "dependencies": {
        "@rive-app/canvas": "^2.37.8"
      }
    },
    "node_modules/@rive-app/canvas": {
      "version": "2.37.8",
      "resolved": "https://registry.npmjs.org/@rive-app/canvas/-/canvas-2.37.8.tgz",
      "integrity": "sha512-nffrPG+VkBKHAxZdcqYlP5M+n/mOAoagj774HH397UPTsfC27gwQURg64i6dX7WswMc5qIVX0rzCrZ86Wb2HOA=="
    }
  }
}
